
Microsoft Visual Studio Solution File, Format Version 12.00
# Visual Studio 15
VisualStudioVersion = 15.0.27703.2042
MinimumVisualStudioVersion = 10.0.40219.1
Project("{888888A0-9F3D-457C-B088-3A5042F75D52}") = "4BarAnalyzer.py", "4BarAnalyzer.py\4BarAnalyzer.py.pyproj", "{BC7DDDA2-9F24-4E2B-901C-BEC999B139B9}"
EndProject
Global
	GlobalSection(SolutionConfigurationPlatforms) = preSolution
		Debug|Any CPU = Debug|Any CPU
		Release|Any CPU = Release|Any CPU
	EndGlobalSection
	GlobalSection(ProjectConfigurationPlatforms) = postSolution
		{BC7DDDA2-9F24-4E2B-901C-BEC999B139B9}.Debug|Any CPU.ActiveCfg = Debug|Any CPU
		{BC7DDDA2-9F24-4E2B-901C-BEC999B139B9}.Release|Any CPU.ActiveCfg = Release|Any CPU
	EndGlobalSection
	GlobalSection(SolutionProperties) = preSolution
		HideSolutionNode = FALSE
	EndGlobalSection
	GlobalSection(ExtensibilityGlobals) = postSolution
		SolutionGuid = {C79B9E72-9C22-4BAC-BBA2-1319C6FEA8E2}
	EndGlobalSection
EndGlobal
